
Microsoft Visual Studio Solution File, Format Version 12.00
# Visual Studio Version 16
VisualStudioVersion = 16.0.29306.81
MinimumVisualStudioVersion = 10.0.40219.1
Project("{FAE04EC0-301F-11D3-BF4B-00C04F79EFBC}") = "BaseUtils", "BaseUtils.csproj", "{5465F662-FA04-4322-B1FA-CF3942434DDC}"
EndProject
Project("{FAE04EC0-301F-11D3-BF4B-00C04F79EFBC}") = "UnitTests", "..\UnitTests\UnitTests.csproj", "{BDB6DA6C-034B-45C5-8E09-59839E1D61B0}"
EndProject
Global
	GlobalSection(SolutionConfigurationPlatforms) = preSolution
		Debug|Any CPU = Debug|Any CPU
		Release|Any CPU = Release|Any CPU
	EndGlobalSection
	GlobalSection(ProjectConfigurationPlatforms) = postSolution
		{5465F662-FA04-4322-B1FA-CF3942434DDC}.Debug|Any CPU.ActiveCfg = Debug|Any CPU
		{5465F662-FA04-4322-B1FA-CF3942434DDC}.Debug|Any CPU.Build.0 = Debug|Any CPU
		{5465F662-FA04-4322-B1FA-CF3942434DDC}.Release|Any CPU.ActiveCfg = Release|Any CPU
		{5465F662-FA04-4322-B1FA-CF3942434DDC}.Release|Any CPU.Build.0 = Release|Any CPU
		{BDB6DA6C-034B-45C5-8E09-59839E1D61B0}.Debug|Any CPU.ActiveCfg = Debug|Any CPU
		{BDB6DA6C-034B-45C5-8E09-59839E1D61B0}.Debug|Any CPU.Build.0 = Debug|Any CPU
		{BDB6DA6C-034B-45C5-8E09-59839E1D61B0}.Release|Any CPU.ActiveCfg = Release|Any CPU
		{BDB6DA6C-034B-45C5-8E09-59839E1D61B0}.Release|Any CPU.Build.0 = Release|Any CPU
	EndGlobalSection
	GlobalSection(SolutionProperties) = preSolution
		HideSolutionNode = FALSE
	EndGlobalSection
	GlobalSection(ExtensibilityGlobals) = postSolution
		SolutionGuid = {90449C6A-A578-4239-BEF6-E43C8E735F51}
	EndGlobalSection
EndGlobal
